PODS:
  - AFNetworking (3.1.0):
    - AFNetworking/NSURLSession (= 3.1.0)
    - AFNetworking/Reachability (= 3.1.0)
    - AFNetworking/Security (= 3.1.0)
    - AFNetworking/Serialization (= 3.1.0)
    - AFNetworking/UIKit (= 3.1.0)
  - AFNetworking/NSURLSession (3.1.0):
    - AFNetworking/Reachability
    - AFNetworking/Security
    - AFNetworking/Serialization
  - AFNetworking/Reachability (3.1.0)
  - AFNetworking/Security (3.1.0)
  - AFNetworking/Serialization (3.1.0)
  - AFNetworking/UIKit (3.1.0):
    - AFNetworking/NSURLSession
  - Crashlytics (3.8.3):
    - Fabric (~> 1.6.3)
  - Fabric (1.6.11)
  - GoogleMaps (2.1.1):
    - GoogleMaps/Maps (= 2.1.1)
  - GoogleMaps/Base (2.1.1)
  - GoogleMaps/Maps (2.1.1):
    - GoogleMaps/Base
  - SVProgressHUD (2.0.4)

DEPENDENCIES:
  - AFNetworking
  - Crashlytics
  - Fabric
  - GoogleMaps
  - SVProgressHUD

SPEC CHECKSUMS:
  AFNetworking: 5e0e199f73d8626b11e79750991f5d173d1f8b67
  Crashlytics: 2b6dbe138a42395577cfa73dfa1aa7248cadf39e
  Fabric: 5911403591946b8228ab1c51d98f1d7137e863c6
  GoogleMaps: a5b5bbe47734e2443bde781a6aa64e69fdb6d785
  SVProgressHUD: bfde85ed6c573ea802b9cb37894ed9b629034f1b

PODFILE CHECKSUM: 51ba3f0786c847cff043d9d5f50377d62b6222f7

COCOAPODS: 1.1.1
