// !$*UTF8*$!
{
	archiveVersion = 1;
	classes = {
	};
	objectVersion = 46;
	objects = {

/* Begin PBXBuildFile section */
		2A8DDEE01E49DDCA0035E4DF /* AppDelegate.swift in Sources */ = {isa = PBXBuildFile; fileRef = 2A8DDEDF1E49DDCA0035E4DF /* AppDelegate.swift */; };
		2A8DDEE21E49DDCA0035E4DF /* ViewController.swift in Sources */ = {isa = PBXBuildFile; fileRef = 2A8DDEE11E49DDCA0035E4DF /* ViewController.swift */; };
		2A8DDEE51E49DDCA0035E4DF /* Main.storyboard in Resources */ = {isa = PBXBuildFile; fileRef = 2A8DDEE31E49DDCA0035E4DF /* Main.storyboard */; };
		2A8DDEE71E49DDCA0035E4DF /* Assets.xcassets in Resources */ = {isa = PBXBuildFile; fileRef = 2A8DDEE61E49DDCA0035E4DF /* Assets.xcassets */; };
		2A8DDEEA1E49DDCA0035E4DF /* LaunchScreen.storyboard in Resources */ = {isa = PBXBuildFile; fileRef = 2A8DDEE81E49DDCA0035E4DF /* LaunchScreen.storyboard */; };
		D0584706812E7BCF90FA2B82 /* Pods_RCI.framework in Frameworks */ = {isa = PBXBuildFile; fileRef = 9E0BBE3248741E058B1D407F /* Pods_RCI.framework */; };
/* End PBXBuildFile section */

/* Begin PBXFileReference section */
		2A8DDEDC1E49DDCA0035E4DF /* RCI.app */ = {isa = PBXFileReference; explicitFileType = wrapper.application; includeInIndex = 0; path = RCI.app; sourceTree = BUILT_PRODUCTS_DIR; };
		2A8DDEDF1E49DDCA0035E4DF /* AppDelegate.swift */ = {isa = PBXFileReference; lastKnownFileType = sourcecode.swift; path = AppDelegate.swift; sourceTree = "<group>"; };
		2A8DDEE11E49DDCA0035E4DF /* ViewController.swift */ = {isa = PBXFileReference; lastKnownFileType = sourcecode.swift; path = ViewController.swift; sourceTree = "<group>"; };
		2A8DDEE41E49DDCA0035E4DF /* Base */ = {isa = PBXFileReference; lastKnownFileType = file.storyboard; name = Base; path = Base.lproj/Main.storyboard; sourceTree = "<group>"; };
		2A8DDEE61E49DDCA0035E4DF /* Assets.xcassets */ = {isa = PBXFileReference; lastKnownFileType = folder.assetcatalog; path = Assets.xcassets; sourceTree = "<group>"; };
		2A8DDEE91E49DDCA0035E4DF /* Base */ = {isa = PBXFileReference; lastKnownFileType = file.storyboard; name = Base; path = Base.lproj/LaunchScreen.storyboard; sourceTree = "<group>"; };
		2A8DDEEB1E49DDCA0035E4DF /* Info.plist */ = {isa = PBXFileReference; lastKnownFileType = text.plist.xml; path = Info.plist; sourceTree = "<group>"; };
		58729DB5D7A65D0D9DFE2DF6 /* Pods-RCI.release.xcconfig */ = {isa = PBXFileReference; includeInIndex = 1; lastKnownFileType = text.xcconfig; name = "Pods-RCI.release.xcconfig"; path = "Pods/Target Support Files/Pods-RCI/Pods-RCI.release.xcconfig"; sourceTree = "<group>"; };
		976DA75A29B39A24C3FA8AA7 /* Pods-RCI.debug.xcconfig */ = {isa = PBXFileReference; includeInIndex = 1; lastKnownFileType = text.xcconfig; name = "Pods-RCI.debug.xcconfig"; path = "Pods/Target Support Files/Pods-RCI/Pods-RCI.debug.xcconfig"; sourceTree = "<group>"; };
		9E0BBE3248741E058B1D407F /* Pods_RCI.framework */ = {isa = PBXFileReference; explicitFileType = wrapper.framework; includeInIndex = 0; path = Pods_RCI.framework; sourceTree = BUILT_PRODUCTS_DIR; };
/* End PBXFileReference section */

/* Begin PBXFrameworksBuildPhase section */
		2A8DDED91E49DDC90035E4DF /* Frameworks */ = {
			isa = PBXFrameworksBuildPhase;
			buildActionMask = 2147483647;
			files = (
				D0584706812E7BCF90FA2B82 /* Pods_RCI.framework in Frameworks */,
			);
			runOnlyForDeploymentPostprocessing = 0;
		};
/* End PBXFrameworksBuildPhase section */

/* Begin PBXGroup section */
		06331D793FA8CA3F90D1E2C0 /* Pods */ = {
			isa = PBXGroup;
			children = (
				976DA75A29B39A24C3FA8AA7 /* Pods-RCI.debug.xcconfig */,
				58729DB5D7A65D0D9DFE2DF6 /* Pods-RCI.release.xcconfig */,
			);
			name = Pods;
			sourceTree = "<group>";
		};
		2A8DDED31E49DDC90035E4DF = {
			isa = PBXGroup;
			children = (
				2A8DDEDE1E49DDCA0035E4DF /* RCI */,
				2A8DDEDD1E49DDCA0035E4DF /* Products */,
				06331D793FA8CA3F90D1E2C0 /* Pods */,
				5D58E88BC2BAA4EBBED4595E /* Frameworks */,
			);
			sourceTree = "<group>";
		};
		2A8DDEDD1E49DDCA0035E4DF /* Products */ = {
			isa = PBXGroup;
			children = (
				2A8DDEDC1E49DDCA0035E4DF /* RCI.app */,
			);
			name = Products;
			sourceTree = "<group>";
		};
		2A8DDEDE1E49DDCA0035E4DF /* RCI */ = {
			isa = PBXGroup;
			children = (
				2A8DDEDF1E49DDCA0035E4DF /* AppDelegate.swift */,
				2A8DDEE11E49DDCA0035E4DF /* ViewController.swift */,
				2A8DDEE31E49DDCA0035E4DF /* Main.storyboard */,
				2A8DDEE61E49DDCA0035E4DF /* Assets.xcassets */,
				2A8DDEE81E49DDCA0035E4DF /* LaunchScreen.storyboard */,
				2A8DDEEB1E49DDCA0035E4DF /* Info.plist */,
			);
			path = RCI;
			sourceTree = "<group>";
		};
		5D58E88BC2BAA4EBBED4595E /* Frameworks */ = {
			isa = PBXGroup;
			children = (
				9E0BBE3248741E058B1D407F /* Pods_RCI.framework */,
			);
			name = Frameworks;
			sourceTree = "<group>";
		};
/* End PBXGroup section */

/* Begin PBXNativeTarget section */
		2A8DDEDB1E49DDC90035E4DF /* RCI */ = {
			isa = PBXNativeTarget;
			buildConfigurationList = 2A8DDEEE1E49DDCA0035E4DF /* Build configuration list for PBXNativeTarget "RCI" */;
			buildPhases = (
				3C68EAB75A201F346E13F12E /* [CP] Check Pods Manifest.lock */,
				2A8DDED81E49DDC90035E4DF /* Sources */,
				2A8DDED91E49DDC90035E4DF /* Frameworks */,
				2A8DDEDA1E49DDC90035E4DF /* Resources */,
				D2247BC094E4D65D24ACA631 /* [CP] Embed Pods Frameworks */,
				C3D7F14DF1E52F37A81E9F1C /* [CP] Copy Pods Resources */,
			);
			buildRules = (
			);
			dependencies = (
			);
			name = RCI;
			productName = RCI;
			productReference = 2A8DDEDC1E49DDCA0035E4DF /* RCI.app */;
			productType = "com.apple.product-type.application";
		};
/* End PBXNativeTarget section */

/* Begin PBXProject section */
		2A8DDED41E49DDC90035E4DF /* Project object */ = {
			isa = PBXProject;
			attributes = {
				LastSwiftUpdateCheck = 0820;
				LastUpgradeCheck = 0820;
				ORGANIZATIONNAME = Impulse;
				TargetAttributes = {
					2A8DDEDB1E49DDC90035E4DF = {
						CreatedOnToolsVersion = 8.2;
						DevelopmentTeam = X24R65DM8E;
						ProvisioningStyle = Automatic;
					};
				};
			};
			buildConfigurationList = 2A8DDED71E49DDC90035E4DF /* Build configuration list for PBXProject "RCI" */;
			compatibilityVersion = "Xcode 3.2";
			developmentRegion = English;
			hasScannedForEncodings = 0;
			knownRegions = (
				en,
				Base,
			);
			mainGroup = 2A8DDED31E49DDC90035E4DF;
			productRefGroup = 2A8DDEDD1E49DDCA0035E4DF /* Products */;
			projectDirPath = "";
			projectRoot = "";
			targets = (
				2A8DDEDB1E49DDC90035E4DF /* RCI */,
			);
		};
/* End PBXProject section */

/* Begin PBXResourcesBuildPhase section */
		2A8DDEDA1E49DDC90035E4DF /* Resources */ = {
			isa = PBXResourcesBuildPhase;
			buildActionMask = 2147483647;
			files = (
				2A8DDEEA1E49DDCA0035E4DF /* LaunchScreen.storyboard in Resources */,
				2A8DDEE71E49DDCA0035E4DF /* Assets.xcassets in Resources */,
				2A8DDEE51E49DDCA0035E4DF /* Main.storyboard in Resources */,
			);
			runOnlyForDeploymentPostprocessing = 0;
		};
/* End PBXResourcesBuildPhase section */

/* Begin PBXShellScriptBuildPhase section */
		3C68EAB75A201F346E13F12E /* [CP] Check Pods Manifest.lock */ = {
			isa = PBXShellScriptBuildPhase;
			buildActionMask = 2147483647;
			files = (
			);
			inputPaths = (
			);
			name = "[CP] Check Pods Manifest.lock";
			outputPaths = (
			);
			runOnlyForDeploymentPostprocessing = 0;
			shellPath = /bin/sh;
			shellScript = "diff \"${PODS_ROOT}/../Podfile.lock\" \"${PODS_ROOT}/Manifest.lock\" > /dev/null\nif [ $? != 0 ] ; then\n    # print error to STDERR\n    echo \"error: The sandbox is not in sync with the Podfile.lock. Run 'pod install' or update your CocoaPods installation.\" >&2\n    exit 1\nfi\n";
			showEnvVarsInLog = 0;
		};
		C3D7F14DF1E52F37A81E9F1C /* [CP] Copy Pods Resources */ = {
			isa = PBXShellScriptBuildPhase;
			buildActionMask = 2147483647;
			files = (
			);
			inputPaths = (
			);
			name = "[CP] Copy Pods Resources";
			outputPaths = (
			);
			runOnlyForDeploymentPostprocessing = 0;
			shellPath = /bin/sh;
			shellScript = "\"${SRCROOT}/Pods/Target Support Files/Pods-RCI/Pods-RCI-resources.sh\"\n";
			showEnvVarsInLog = 0;
		};
		D2247BC094E4D65D24ACA631 /* [CP] Embed Pods Frameworks */ = {
			isa = PBXShellScriptBuildPhase;
			buildActionMask = 2147483647;
			files = (
			);
			inputPaths = (
			);
			name = "[CP] Embed Pods Frameworks";
			outputPaths = (
			);
			runOnlyForDeploymentPostprocessing = 0;
			shellPath = /bin/sh;
			shellScript = "\"${SRCROOT}/Pods/Target Support Files/Pods-RCI/Pods-RCI-frameworks.sh\"\n";
			showEnvVarsInLog = 0;
		};
/* End PBXShellScriptBuildPhase section */

/* Begin PBXSourcesBuildPhase section */
		2A8DDED81E49DDC90035E4DF /* Sources */ = {
			isa = PBXSourcesBuildPhase;
			buildActionMask = 2147483647;
			files = (
				2A8DDEE21E49DDCA0035E4DF /* ViewController.swift in Sources */,
				2A8DDEE01E49DDCA0035E4DF /* AppDelegate.swift in Sources */,
			);
			runOnlyForDeploymentPostprocessing = 0;
		};
/* End PBXSourcesBuildPhase section */

/* Begin PBXVariantGroup section */
		2A8DDEE31E49DDCA0035E4DF /* Main.storyboard */ = {
			isa = PBXVariantGroup;
			children = (
				2A8DDEE41E49DDCA0035E4DF /* Base */,
			);
			name = Main.storyboard;
			sourceTree = "<group>";
		};
		2A8DDEE81E49DDCA0035E4DF /* LaunchScreen.storyboard */ = {
			isa = PBXVariantGroup;
			children = (
				2A8DDEE91E49DDCA0035E4DF /* Base */,
			);
			name = LaunchScreen.storyboard;
			sourceTree = "<group>";
		};
/* End PBXVariantGroup section */

/* Begin XCBuildConfiguration section */
		2A8DDEEC1E49DDCA0035E4DF /* Debug */ = {
			isa = XCBuildConfiguration;
			buildSettings = {
				ALWAYS_SEARCH_USER_PATHS = NO;
				CLANG_ANALYZER_NONNULL = YES;
				CLANG_CXX_LANGUAGE_STANDARD = "gnu++0x";
				CLANG_CXX_LIBRARY = "libc++";
				CLANG_ENABLE_MODULES = YES;
				CLANG_ENABLE_OBJC_ARC = YES;
				CLANG_WARN_BOOL_CONVERSION = YES;
				CLANG_WARN_CONSTANT_CONVERSION = YES;
				CLANG_WARN_DIRECT_OBJC_ISA_USAGE = YES_ERROR;
				CLANG_WARN_DOCUMENTATION_COMMENTS = YES;
				CLANG_WARN_EMPTY_BODY = YES;
				CLANG_WARN_ENUM_CONVERSION = YES;
				CLANG_WARN_INFINITE_RECURSION = YES;
				CLANG_WARN_INT_CONVERSION = YES;
				CLANG_WARN_OBJC_ROOT_CLASS = YES_ERROR;
				CLANG_WARN_SUSPICIOUS_MOVE = YES;
				CLANG_WARN_UNREACHABLE_CODE = YES;
				CLANG_WARN__DUPLICATE_METHOD_MATCH = YES;
				"CODE_SIGN_IDENTITY[sdk=iphoneos*]" = "iPhone Developer";
				COPY_PHASE_STRIP = NO;
				DEBUG_INFORMATION_FORMAT = dwarf;
				ENABLE_STRICT_OBJC_MSGSEND = YES;
				ENABLE_TESTABILITY = YES;
				GCC_C_LANGUAGE_STANDARD = gnu99;
				GCC_DYNAMIC_NO_PIC = NO;
				GCC_NO_COMMON_BLOCKS = YES;
				GCC_OPTIMIZATION_LEVEL = 0;
				GCC_PREPROCESSOR_DEFINITIONS = (
					"DEBUG=1",
					"$(inherited)",
				);
				GCC_WARN_64_TO_32_BIT_CONVERSION = YES;
				GCC_WARN_ABOUT_RETURN_TYPE = YES_ERROR;
				GCC_WARN_UNDECLARED_SELECTOR = YES;
				GCC_WARN_UNINITIALIZED_AUTOS = YES_AGGRESSIVE;
				GCC_WARN_UNUSED_FUNCTION = YES;
				GCC_WARN_UNUSED_VARIABLE = YES;
				IPHONEOS_DEPLOYMENT_TARGET = 10.2;
				MTL_ENABLE_DEBUG_INFO = YES;
				ONLY_ACTIVE_ARCH = YES;
				SDKROOT = iphoneos;
				SWIFT_ACTIVE_COMPILATION_CONDITIONS = DEBUG;
				SWIFT_OPTIMIZATION_LEVEL = "-Onone";
			};
			name = Debug;
		};
		2A8DDEED1E49DDCA0035E4DF /* Release */ = {
			isa = XCBuildConfiguration;
			buildSettings = {
				ALWAYS_SEARCH_USER_PATHS = NO;
				CLANG_ANALYZER_NONNULL = YES;
				CLANG_CXX_LANGUAGE_STANDARD = "gnu++0x";
				CLANG_CXX_LIBRARY = "libc++";
				CLANG_ENABLE_MODULES = YES;
				CLANG_ENABLE_OBJC_ARC = YES;
				CLANG_WARN_BOOL_CONVERSION = YES;
				CLANG_WARN_CONSTANT_CONVERSION = YES;
				CLANG_WARN_DIRECT_OBJC_ISA_USAGE = YES_ERROR;
				CLANG_WARN_DOCUMENTATION_COMMENTS = YES;
				CLANG_WARN_EMPTY_BODY = YES;
				CLANG_WARN_ENUM_CONVERSION = YES;
				CLANG_WARN_INFINITE_RECURSION = YES;
				CLANG_WARN_INT_CONVERSION = YES;
				CLANG_WARN_OBJC_ROOT_CLASS = YES_ERROR;
				CLANG_WARN_SUSPICIOUS_MOVE = YES;
				CLANG_WARN_UNREACHABLE_CODE = YES;
				CLANG_WARN__DUPLICATE_METHOD_MATCH = YES;
				"CODE_SIGN_IDENTITY[sdk=iphoneos*]" = "iPhone Developer";
				COPY_PHASE_STRIP = NO;
				DEBUG_INFORMATION_FORMAT = "dwarf-with-dsym";
				ENABLE_NS_ASSERTIONS = NO;
				ENABLE_STRICT_OBJC_MSGSEND = YES;
				GCC_C_LANGUAGE_STANDARD = gnu99;
				GCC_NO_COMMON_BLOCKS = YES;
				GCC_WARN_64_TO_32_BIT_CONVERSION = YES;
				GCC_WARN_ABOUT_RETURN_TYPE = YES_ERROR;
				GCC_WARN_UNDECLARED_SELECTOR = YES;
				GCC_WARN_UNINITIALIZED_AUTOS = YES_AGGRESSIVE;
				GCC_WARN_UNUSED_FUNCTION = YES;
				GCC_WARN_UNUSED_VARIABLE = YES;
				IPHONEOS_DEPLOYMENT_TARGET = 10.2;
				MTL_ENABLE_DEBUG_INFO = NO;
				SDKROOT = iphoneos;
				SWIFT_OPTIMIZATION_LEVEL = "-Owholemodule";
				VALIDATE_PRODUCT = YES;
			};
			name = Release;
		};
		2A8DDEEF1E49DDCA0035E4DF /* Debug */ = {
			isa = XCBuildConfiguration;
			baseConfigurationReference = 976DA75A29B39A24C3FA8AA7 /* Pods-RCI.debug.xcconfig */;
			buildSettings = {
				ASSETCATALOG_COMPILER_APPICON_NAME = AppIcon;
				DEVELOPMENT_TEAM = X24R65DM8E;
				INFOPLIST_FILE = RCI/Info.plist;
				LD_RUNPATH_SEARCH_PATHS = "$(inherited) @executable_path/Frameworks";
				PRODUCT_BUNDLE_IDENTIFIER = Imp.RCI;
				PRODUCT_NAME = "$(TARGET_NAME)";
				SWIFT_VERSION = 3.0;
			};
			name = Debug;
		};
		2A8DDEF01E49DDCA0035E4DF /* Release */ = {
			isa = XCBuildConfiguration;
			baseConfigurationReference = 58729DB5D7A65D0D9DFE2DF6 /* Pods-RCI.release.xcconfig */;
			buildSettings = {
				ASSETCATALOG_COMPILER_APPICON_NAME = AppIcon;
				DEVELOPMENT_TEAM = X24R65DM8E;
				INFOPLIST_FILE = RCI/Info.plist;
				LD_RUNPATH_SEARCH_PATHS = "$(inherited) @executable_path/Frameworks";
				PRODUCT_BUNDLE_IDENTIFIER = Imp.RCI;
				PRODUCT_NAME = "$(TARGET_NAME)";
				SWIFT_VERSION = 3.0;
			};
			name = Release;
		};
/* End XCBuildConfiguration section */

/* Begin XCConfigurationList section */
		2A8DDED71E49DDC90035E4DF /* Build configuration list for PBXProject "RCI" */ = {
			isa = XCConfigurationList;
			buildConfigurations = (
				2A8DDEEC1E49DDCA0035E4DF /* Debug */,
				2A8DDEED1E49DDCA0035E4DF /* Release */,
			);
			defaultConfigurationIsVisible = 0;
			defaultConfigurationName = Release;
		};
		2A8DDEEE1E49DDCA0035E4DF /* Build configuration list for PBXNativeTarget "RCI" */ = {
			isa = XCConfigurationList;
			buildConfigurations = (
				2A8DDEEF1E49DDCA0035E4DF /* Debug */,
				2A8DDEF01E49DDCA0035E4DF /* Release */,
			);
			defaultConfigurationIsVisible = 0;
		};
/* End XCConfigurationList section */
	};
	rootObject = 2A8DDED41E49DDC90035E4DF /* Project object */;
}
